
Microsoft Visual Studio Solution File, Format Version 12.00
# Visual Studio Version 17
VisualStudioVersion = 17.3.32819.101
MinimumVisualStudioVersion = 10.0.40219.1
Project("{9A19103F-16F7-4668-BE54-9A1E7A4F7556}") = "Console1", "Console\Console1\Console1.csproj", "{A8A84AEA-1249-4B77-89A1-28B0918CFA68}"
EndProject
Project("{9A19103F-16F7-4668-BE54-9A1E7A4F7556}") = "EfCore", "EfCore\EfCore.csproj", "{6AA408FF-1084-4C5F-94DC-2594C78F2211}"
EndProject
Global
	GlobalSection(SolutionConfigurationPlatforms) = preSolution
		Debug|Any CPU = Debug|Any CPU
		Release|Any CPU = Release|Any CPU
	EndGlobalSection
	GlobalSection(ProjectConfigurationPlatforms) = postSolution
		{A8A84AEA-1249-4B77-89A1-28B0918CFA68}.Debug|Any CPU.ActiveCfg = Debug|Any CPU
		{A8A84AEA-1249-4B77-89A1-28B0918CFA68}.Debug|Any CPU.Build.0 = Debug|Any CPU
		{A8A84AEA-1249-4B77-89A1-28B0918CFA68}.Release|Any CPU.ActiveCfg = Release|Any CPU
		{A8A84AEA-1249-4B77-89A1-28B0918CFA68}.Release|Any CPU.Build.0 = Release|Any CPU
		{6AA408FF-1084-4C5F-94DC-2594C78F2211}.Debug|Any CPU.ActiveCfg = Debug|Any CPU
		{6AA408FF-1084-4C5F-94DC-2594C78F2211}.Debug|Any CPU.Build.0 = Debug|Any CPU
		{6AA408FF-1084-4C5F-94DC-2594C78F2211}.Release|Any CPU.ActiveCfg = Release|Any CPU
		{6AA408FF-1084-4C5F-94DC-2594C78F2211}.Release|Any CPU.Build.0 = Release|Any CPU
	EndGlobalSection
	GlobalSection(SolutionProperties) = preSolution
		HideSolutionNode = FALSE
	EndGlobalSection
	GlobalSection(ExtensibilityGlobals) = postSolution
		SolutionGuid = {32B50C18-33CE-4E7B-B84F-4A50B6E8CAF9}
	EndGlobalSection
EndGlobal
